
Microsoft Visual Studio Solution File, Format Version 12.00
# Visual Studio Version 17
VisualStudioVersion = 17.11.35303.130
MinimumVisualStudioVersion = 10.0.40219.1
Project("{FAE04EC0-301F-11D3-BF4B-00C04F79EFBC}") = "EmpTaskAPI", "EmpTaskAPI.csproj", "{4371FB37-886C-4BBC-A84F-6E988CE26E83}"
EndProject
Global
	GlobalSection(SolutionConfigurationPlatforms) = preSolution
		Debug|Any CPU = Debug|Any CPU
		Release|Any CPU = Release|Any CPU
	EndGlobalSection
	GlobalSection(ProjectConfigurationPlatforms) = postSolution
		{4371FB37-886C-4BBC-A84F-6E988CE26E83}.Debug|Any CPU.ActiveCfg = Debug|Any CPU
		{4371FB37-886C-4BBC-A84F-6E988CE26E83}.Debug|Any CPU.Build.0 = Debug|Any CPU
		{4371FB37-886C-4BBC-A84F-6E988CE26E83}.Release|Any CPU.ActiveCfg = Release|Any CPU
		{4371FB37-886C-4BBC-A84F-6E988CE26E83}.Release|Any CPU.Build.0 = Release|Any CPU
	EndGlobalSection
	GlobalSection(SolutionProperties) = preSolution
		HideSolutionNode = FALSE
	EndGlobalSection
	GlobalSection(ExtensibilityGlobals) = postSolution
		SolutionGuid = {CF8F4C02-2A56-4AC6-A37E-FA6F7157B0BD}
	EndGlobalSection
EndGlobal
